lockfileVersion: '9.0'

settings:
  autoInstallPeers: true
  excludeLinksFromLockfile: false

overrides:
  '@mastra/core': link:../../packages/core
  '@mastra/libsql': link:../../stores/libsql

importers:

  .:
    dependencies:
      '@ai-sdk/anthropic':
        specifier: ^2.0.17
        version: 2.0.19(zod@3.25.76)
      '@ai-sdk/openai':
        specifier: ^2.0.32
        version: 2.0.36(zod@3.25.76)
      '@mastra/core':
        specifier: link:../../packages/core
        version: link:../../packages/core
      '@mastra/libsql':
        specifier: link:../../stores/libsql
        version: link:../../stores/libsql
      zod:
        specifier: ^3.25.76
        version: 3.25.76

packages:

  '@ai-sdk/anthropic@2.0.19':
    resolution: {integrity: sha512-tDJBKT5mFaOzh1hLZiXboi2GP0AeAThiCJWrbE44x4VYF7XVymSAahyN7Pd1f70SFQO9+FMdzFzeMk9Zv2jy+w==, tarball: https://registry.npmjs.org/@ai-sdk/anthropic/-/anthropic-2.0.19.tgz}
    engines: {node: '>=18'}
    peerDependencies:
      zod: ^3.25.76 || ^4.1.8

  '@ai-sdk/openai@2.0.36':
    resolution: {integrity: sha512-/HIu5Je+vTqH+Yjn5M8hGducyFHQ2dKnpPYKrYxl7xlD6QP1UulUqHFdfDCUW9/J6ffk36Xi1/AkBviy4ZooGw==, tarball: https://registry.npmjs.org/@ai-sdk/openai/-/openai-2.0.36.tgz}
    engines: {node: '>=18'}
    peerDependencies:
      zod: ^3.25.76 || ^4.1.8

  '@ai-sdk/provider-utils@3.0.10':
    resolution: {integrity: sha512-T1gZ76gEIwffep6MWI0QNy9jgoybUHE7TRaHB5k54K8mF91ciGFlbtCGxDYhMH3nCRergKwYFIDeFF0hJSIQHQ==, tarball: https://registry.npmjs.org/@ai-sdk/provider-utils/-/provider-utils-3.0.10.tgz}
    engines: {node: '>=18'}
    peerDependencies:
      zod: ^3.25.76 || ^4.1.8

  '@ai-sdk/provider@2.0.0':
    resolution: {integrity: sha512-6o7Y2SeO9vFKB8lArHXehNuusnpddKPk7xqL7T2/b+OvXMRIXUO1rR4wcv1hAFUAT9avGZshty3Wlua/XA7TvA==, tarball: https://registry.npmjs.org/@ai-sdk/provider/-/provider-2.0.0.tgz}
    engines: {node: '>=18'}

  '@standard-schema/spec@1.0.0':
    resolution: {integrity: sha512-m2bOd0f2RT9k8QJx1JN85cZYyH1RqFBdlwtkSlf4tBDYLCiiZnv1fIIwacK6cqwXavOydf0NPToMQgpKq+dVlA==, tarball: https://registry.npmjs.org/@standard-schema/spec/-/spec-1.0.0.tgz}

  eventsource-parser@3.0.6:
    resolution: {integrity: sha512-Vo1ab+QXPzZ4tCa8SwIHJFaSzy4R6SHf7BY79rFBDf0idraZWAkYrDjDj8uWaSm3S2TK+hJ7/t1CEmZ7jXw+pg==, tarball: https://registry.npmjs.org/eventsource-parser/-/eventsource-parser-3.0.6.tgz}
    engines: {node: '>=18.0.0'}

  json-schema@0.4.0:
    resolution: {integrity: sha512-es94M3nTIfsEPisRafak+HDLfHXnKBhV3vU5eqPcS3flIWqcxJWgXHXiey3YrpaNsanY5ei1VoYEbOzijuq9BA==, tarball: https://registry.npmjs.org/json-schema/-/json-schema-0.4.0.tgz}

  zod@3.25.76:
    resolution: {integrity: sha512-gzUt/qt81nXsFGKIFcC3YnfEAx5NkunCfnDlvuBSSFS02bcXu4Lmea0AFIUwbLWxWPx3d9p8S5QoaujKcNQxcQ==}

snapshots:

  '@ai-sdk/anthropic@2.0.19(zod@3.25.76)':
    dependencies:
      '@ai-sdk/provider': 2.0.0
      '@ai-sdk/provider-utils': 3.0.10(zod@3.25.76)
      zod: 3.25.76

  '@ai-sdk/openai@2.0.36(zod@3.25.76)':
    dependencies:
      '@ai-sdk/provider': 2.0.0
      '@ai-sdk/provider-utils': 3.0.10(zod@3.25.76)
      zod: 3.25.76

  '@ai-sdk/provider-utils@3.0.10(zod@3.25.76)':
    dependencies:
      '@ai-sdk/provider': 2.0.0
      '@standard-schema/spec': 1.0.0
      eventsource-parser: 3.0.6
      zod: 3.25.76

  '@ai-sdk/provider@2.0.0':
    dependencies:
      json-schema: 0.4.0

  '@standard-schema/spec@1.0.0': {}

  eventsource-parser@3.0.6: {}

  json-schema@0.4.0: {}

  zod@3.25.76: {}
