lockfileVersion: '9.0'

settings:
  autoInstallPeers: true
  excludeLinksFromLockfile: false

overrides:
  '@mastra/core': link:../../packages/core
  mastra: link:../../packages/cli
  '@mastra/auth': link:../../packages/auth
  '@mastra/auth-supabase': link:../../auth/supabase
  '@mastra/auth-firebase': link:../../auth/firebase
  '@mastra/auth-auth0': link:../../auth/auth0
  '@mastra/auth-workos': link:../../auth/workos
  '@mastra/auth-clerk': link:../../auth/clerk

importers:

  .:
    dependencies:
      '@ai-sdk/openai':
        specifier: ^1.3.24
        version: 1.3.24(zod@3.25.76)
      '@mastra/auth':
        specifier: link:../../packages/auth
        version: link:../../packages/auth
      '@mastra/auth-auth0':
        specifier: link:../../auth/auth0
        version: link:../../auth/auth0
      '@mastra/auth-clerk':
        specifier: link:../../auth/clerk
        version: link:../../auth/clerk
      '@mastra/auth-firebase':
        specifier: link:../../auth/firebase
        version: link:../../auth/firebase
      '@mastra/auth-supabase':
        specifier: link:../../auth/supabase
        version: link:../../auth/supabase
      '@mastra/auth-workos':
        specifier: link:../../auth/workos
        version: link:../../auth/workos
      '@mastra/core':
        specifier: link:../../packages/core
        version: link:../../packages/core
      '@supabase/supabase-js':
        specifier: ^2.57.4
        version: 2.58.0
      mastra:
        specifier: link:../../packages/cli
        version: link:../../packages/cli
      zod:
        specifier: ^3.25.76
        version: 3.25.76
    devDependencies:
      dotenv-cli:
        specifier: ^8.0.0
        version: 8.0.0

packages:

  '@ai-sdk/openai@1.3.24':
    resolution: {integrity: sha512-GYXnGJTHRTZc4gJMSmFRgEQudjqd4PUN0ZjQhPwOAYH1yOAvQoG/Ikqs+HyISRbLPCrhbZnPKCNHuRU4OfpW0Q==}
    engines: {node: '>=18'}
    peerDependencies:
      zod: ^3.0.0

  '@ai-sdk/provider-utils@2.2.8':
    resolution: {integrity: sha512-fqhG+4sCVv8x7nFzYnFo19ryhAa3w096Kmc3hWxMQfW/TubPOmt3A6tYZhl4mUfQWWQMsuSkLrtjlWuXBVSGQA==}
    engines: {node: '>=18'}
    peerDependencies:
      zod: ^3.23.8

  '@ai-sdk/provider@1.1.3':
    resolution: {integrity: sha512-qZMxYJ0qqX/RfnuIaab+zp8UAeJn/ygXXAffR5I4N0n1IrvA6qBsjc8hXLmBiMV2zoXlifkacF7sEFnYnjBcqg==}
    engines: {node: '>=18'}

  '@supabase/auth-js@2.72.0':
    resolution: {integrity: sha512-4+bnUrtTDK1YD0/FCx2YtMiQH5FGu9Jlf4IQi5kcqRwRwqp2ey39V61nHNdH86jm3DIzz0aZKiWfTW8qXk1swQ==, tarball: https://registry.npmjs.org/@supabase/auth-js/-/auth-js-2.72.0.tgz}

  '@supabase/functions-js@2.5.0':
    resolution: {integrity: sha512-SXBx6Jvp+MOBekeKFu+G11YLYPeVeGQl23eYyAG9+Ro0pQ1aIP0UZNIBxHKNHqxzR0L0n6gysNr2KT3841NATw==, tarball: https://registry.npmjs.org/@supabase/functions-js/-/functions-js-2.5.0.tgz}

  '@supabase/node-fetch@2.6.15':
    resolution: {integrity: sha512-1ibVeYUacxWYi9i0cf5efil6adJ9WRyZBLivgjs+AUpewx1F3xPi7gLgaASI2SmIQxPoCEjAsLAzKPgMJVgOUQ==, tarball: https://registry.npmjs.org/@supabase/node-fetch/-/node-fetch-2.6.15.tgz}
    engines: {node: 4.x || >=6.0.0}

  '@supabase/postgrest-js@1.21.4':
    resolution: {integrity: sha512-TxZCIjxk6/dP9abAi89VQbWWMBbybpGWyvmIzTd79OeravM13OjR/YEYeyUOPcM1C3QyvXkvPZhUfItvmhY1IQ==, tarball: https://registry.npmjs.org/@supabase/postgrest-js/-/postgrest-js-1.21.4.tgz}

  '@supabase/realtime-js@2.15.5':
    resolution: {integrity: sha512-/Rs5Vqu9jejRD8ZeuaWXebdkH+J7V6VySbCZ/zQM93Ta5y3mAmocjioa/nzlB6qvFmyylUgKVS1KpE212t30OA==, tarball: https://registry.npmjs.org/@supabase/realtime-js/-/realtime-js-2.15.5.tgz}

  '@supabase/storage-js@2.12.2':
    resolution: {integrity: sha512-SiySHxi3q7gia7NBYpsYRu8gyI0NhFwSORMxbZIxJ/zAVkN6QpwDRan158CJ+UdzD4WB/rQMAGRqIJQP+7ccAQ==, tarball: https://registry.npmjs.org/@supabase/storage-js/-/storage-js-2.12.2.tgz}

  '@supabase/supabase-js@2.58.0':
    resolution: {integrity: sha512-Tm1RmQpoAKdQr4/8wiayGti/no+If7RtveVZjHR8zbO7hhQjmPW2Ok5ZBPf1MGkt5c+9R85AVMsTfSaqAP1sUg==, tarball: https://registry.npmjs.org/@supabase/supabase-js/-/supabase-js-2.58.0.tgz}

  '@types/node@22.15.19':
    resolution: {integrity: sha512-3vMNr4TzNQyjHcRZadojpRaD9Ofr6LsonZAoQ+HMUa/9ORTPoxVIw0e0mpqWpdjj8xybyCM+oKOUH2vwFu/oEw==, tarball: https://registry.npmjs.org/@types/node/-/node-22.15.19.tgz}

  '@types/phoenix@1.6.6':
    resolution: {integrity: sha512-PIzZZlEppgrpoT2QgbnDU+MMzuR6BbCjllj0bM70lWoejMeNJAxCchxnv7J3XFkI8MpygtRpzXrIlmWUBclP5A==, tarball: https://registry.npmjs.org/@types/phoenix/-/phoenix-1.6.6.tgz}

  '@types/ws@8.18.1':
    resolution: {integrity: sha512-ThVF6DCVhA8kUGy+aazFQ4kXQ7E1Ty7A3ypFOe0IcJV8O/M511G99AW24irKrW56Wt44yG9+ij8FaqoBGkuBXg==, tarball: https://registry.npmjs.org/@types/ws/-/ws-8.18.1.tgz}

  cross-spawn@7.0.6:
    resolution: {integrity: sha512-uV2QOWP2nWzsy2aMp8aRibhi9dlzF5Hgh5SHaB9OiTGEyDTiJJyx0uy51QXdyWbtAHNua4XJzUKca3OzKUd3vA==}
    engines: {node: '>= 8'}

  dotenv-cli@8.0.0:
    resolution: {integrity: sha512-aLqYbK7xKOiTMIRf1lDPbI+Y+Ip/wo5k3eyp6ePysVaSqbyxjyK3dK35BTxG+rmd7djf5q2UPs4noPNH+cj0Qw==}
    hasBin: true

  dotenv-expand@10.0.0:
    resolution: {integrity: sha512-GopVGCpVS1UKH75VKHGuQFqS1Gusej0z4FyQkPdwjil2gNIv+LNsqBlboOzpJFZKVT95GkCyWJbBSdFEFUWI2A==}
    engines: {node: '>=12'}

  dotenv@16.5.0:
    resolution: {integrity: sha512-m/C+AwOAr9/W1UOIZUo232ejMNnJAJtYQjUbHoNTBNTJSvqzzDh7vnrei3o3r3m9blf6ZoDkvcw0VmozNRFJxg==}
    engines: {node: '>=12'}

  isexe@2.0.0:
    resolution: {integrity: sha512-RHxMLp9lnKHGHRng9QFhRCMbYAcVpn69smSGcq3f36xjgVVWThj4qqLbTLlq7Ssj8B+fIQ1EuCEGI2lKsyQeIw==}

  json-schema@0.4.0:
    resolution: {integrity: sha512-es94M3nTIfsEPisRafak+HDLfHXnKBhV3vU5eqPcS3flIWqcxJWgXHXiey3YrpaNsanY5ei1VoYEbOzijuq9BA==}

  minimist@1.2.8:
    resolution: {integrity: sha512-2yyAR8qBkN3YuheJanUpWC5U3bb5osDywNB8RzDVlDwDHbocAJveqqj1u8+SVD7jkWT4yvsHCpWqqWqAxb0zCA==}

  nanoid@3.3.11:
    resolution: {integrity: sha512-N8SpfPUnUp1bK+PMYW8qSWdl9U+wwNWI4QKxOYDy9JAro3WMX7p2OeVRF9v+347pnakNevPmiHhNmZ2HbFA76w==}
    engines: {node: ^10 || ^12 || ^13.7 || ^14 || >=15.0.1}
    hasBin: true

  path-key@3.1.1:
    resolution: {integrity: sha512-ojmeN0qd+y0jszEtoY48r0Peq5dwMEkIlCOu6Q5f41lfkswXuKtYrhgoTpLnyIcHm24Uhqx+5Tqm2InSwLhE6Q==}
    engines: {node: '>=8'}

  secure-json-parse@2.7.0:
    resolution: {integrity: sha512-6aU+Rwsezw7VR8/nyvKTx8QpWH9FrcYiXXlqC4z5d5XQBDRqtbfsRjnwGyqbi3gddNtWHuEk9OANUotL26qKUw==}

  shebang-command@2.0.0:
    resolution: {integrity: sha512-kHxr2zZpYtdmrN1qDjrrX/Z1rR1kG8Dx+gkpK1G4eXmvXswmcE1hTWBWYUzlraYw1/yZp6YuDY77YtvbN0dmDA==}
    engines: {node: '>=8'}

  shebang-regex@3.0.0:
    resolution: {integrity: sha512-7++dFhtcx3353uBaq8DDR4NuxBetBzC7ZQOhmTQInHEd6bSrXdiEyzCvG07Z44UYdLShWUyXt5M/yhz8ekcb1A==}
    engines: {node: '>=8'}

  tr46@0.0.3:
    resolution: {integrity: sha512-N3WMsuqV66lT30CrXNbEjx4GEwlow3v6rr4mCcv6prnfwhS01rkgyFdjPNBYd9br7LpXV1+Emh01fHnq2Gdgrw==, tarball: https://registry.npmjs.org/tr46/-/tr46-0.0.3.tgz}

  undici-types@6.21.0:
    resolution: {integrity: sha512-iwDZqg0QAGrg9Rav5H4n0M64c3mkR59cJ6wQp+7C4nI0gsmExaedaYLNO44eT4AtBBwjbTiGPMlt2Md0T9H9JQ==, tarball: https://registry.npmjs.org/undici-types/-/undici-types-6.21.0.tgz}

  webidl-conversions@3.0.1:
    resolution: {integrity: sha512-2JAn3z8AR6rjK8Sm8orRC0h/bcl/DqL7tRPdGZ4I1CjdF+EaMLmYxBHyXuKL849eucPFhvBoxMsflfOb8kxaeQ==, tarball: https://registry.npmjs.org/webidl-conversions/-/webidl-conversions-3.0.1.tgz}

  whatwg-url@5.0.0:
    resolution: {integrity: sha512-saE57nupxk6v3HY35+jzBwYa0rKSy0XR8JSxZPwgLr7ys0IBzhGviA1/TUGJLmSVqs8pb9AnvICXEuOHLprYTw==, tarball: https://registry.npmjs.org/whatwg-url/-/whatwg-url-5.0.0.tgz}

  which@2.0.2:
    resolution: {integrity: sha512-BLI3Tl1TW3Pvl70l3yq3Y64i+awpwXqsGBYWkkqMtnbXgrMD+yj7rhW0kuEDxzJaYXGjEW5ogapKNMEKNMjibA==}
    engines: {node: '>= 8'}
    hasBin: true

  ws@8.18.2:
    resolution: {integrity: sha512-DMricUmwGZUVr++AEAe2uiVM7UoO9MAVZMDu05UQOaUII0lp+zOzLLU4Xqh/JvTqklB1T4uELaaPBKyjE1r4fQ==, tarball: https://registry.npmjs.org/ws/-/ws-8.18.2.tgz}
    engines: {node: '>=10.0.0'}
    peerDependencies:
      bufferutil: ^4.0.1
      utf-8-validate: '>=5.0.2'
    peerDependenciesMeta:
      bufferutil:
        optional: true
      utf-8-validate:
        optional: true

  zod@3.25.76:
    resolution: {integrity: sha512-gzUt/qt81nXsFGKIFcC3YnfEAx5NkunCfnDlvuBSSFS02bcXu4Lmea0AFIUwbLWxWPx3d9p8S5QoaujKcNQxcQ==, tarball: https://registry.npmjs.org/zod/-/zod-3.25.76.tgz}

snapshots:

  '@ai-sdk/openai@1.3.24(zod@3.25.76)':
    dependencies:
      '@ai-sdk/provider': 1.1.3
      '@ai-sdk/provider-utils': 2.2.8(zod@3.25.76)
      zod: 3.25.76

  '@ai-sdk/provider-utils@2.2.8(zod@3.25.76)':
    dependencies:
      '@ai-sdk/provider': 1.1.3
      nanoid: 3.3.11
      secure-json-parse: 2.7.0
      zod: 3.25.76

  '@ai-sdk/provider@1.1.3':
    dependencies:
      json-schema: 0.4.0

  '@supabase/auth-js@2.72.0':
    dependencies:
      '@supabase/node-fetch': 2.6.15

  '@supabase/functions-js@2.5.0':
    dependencies:
      '@supabase/node-fetch': 2.6.15

  '@supabase/node-fetch@2.6.15':
    dependencies:
      whatwg-url: 5.0.0

  '@supabase/postgrest-js@1.21.4':
    dependencies:
      '@supabase/node-fetch': 2.6.15

  '@supabase/realtime-js@2.15.5':
    dependencies:
      '@supabase/node-fetch': 2.6.15
      '@types/phoenix': 1.6.6
      '@types/ws': 8.18.1
      ws: 8.18.2
    transitivePeerDependencies:
      - bufferutil
      - utf-8-validate

  '@supabase/storage-js@2.12.2':
    dependencies:
      '@supabase/node-fetch': 2.6.15

  '@supabase/supabase-js@2.58.0':
    dependencies:
      '@supabase/auth-js': 2.72.0
      '@supabase/functions-js': 2.5.0
      '@supabase/node-fetch': 2.6.15
      '@supabase/postgrest-js': 1.21.4
      '@supabase/realtime-js': 2.15.5
      '@supabase/storage-js': 2.12.2
    transitivePeerDependencies:
      - bufferutil
      - utf-8-validate

  '@types/node@22.15.19':
    dependencies:
      undici-types: 6.21.0

  '@types/phoenix@1.6.6': {}

  '@types/ws@8.18.1':
    dependencies:
      '@types/node': 22.15.19

  cross-spawn@7.0.6:
    dependencies:
      path-key: 3.1.1
      shebang-command: 2.0.0
      which: 2.0.2

  dotenv-cli@8.0.0:
    dependencies:
      cross-spawn: 7.0.6
      dotenv: 16.5.0
      dotenv-expand: 10.0.0
      minimist: 1.2.8

  dotenv-expand@10.0.0: {}

  dotenv@16.5.0: {}

  isexe@2.0.0: {}

  json-schema@0.4.0: {}

  minimist@1.2.8: {}

  nanoid@3.3.11: {}

  path-key@3.1.1: {}

  secure-json-parse@2.7.0: {}

  shebang-command@2.0.0:
    dependencies:
      shebang-regex: 3.0.0

  shebang-regex@3.0.0: {}

  tr46@0.0.3: {}

  undici-types@6.21.0: {}

  webidl-conversions@3.0.1: {}

  whatwg-url@5.0.0:
    dependencies:
      tr46: 0.0.3
      webidl-conversions: 3.0.1

  which@2.0.2:
    dependencies:
      isexe: 2.0.0

  ws@8.18.2: {}

  zod@3.25.76: {}
